
Microsoft Visual Studio Solution File, Format Version 12.00
# Visual Studio Version 16
VisualStudioVersion = 16.0.32126.315
MinimumVisualStudioVersion = 10.0.40219.1
Project("{8BC9CEB8-8B4A-11D0-8D11-00A0C91BC942}") = "Project1", "Project1.vcxproj", "{D24AFFF5-12C2-40A6-9452-5EFDBBDC9DCF}"
EndProject
Project("{8BC9CEB8-8B4A-11D0-8D11-00A0C91BC942}") = "Project2", "..\Project2\Project2.vcxproj", "{58779046-06C8-4AB0-A6FE-122BBA9C0AEC}"
EndProject
Global
	GlobalSection(SolutionConfigurationPlatforms) = preSolution
		Debug|x64 = Debug|x64
		Debug|x86 = Debug|x86
		Release|x64 = Release|x64
		Release|x86 = Release|x86
	EndGlobalSection
	GlobalSection(ProjectConfigurationPlatforms) = postSolution
		{D24AFFF5-12C2-40A6-9452-5EFDBBDC9DCF}.Debug|x64.ActiveCfg = Debug|x64
		{D24AFFF5-12C2-40A6-9452-5EFDBBDC9DCF}.Debug|x64.Build.0 = Debug|x64
		{D24AFFF5-12C2-40A6-9452-5EFDBBDC9DCF}.Debug|x86.ActiveCfg = Debug|Win32
		{D24AFFF5-12C2-40A6-9452-5EFDBBDC9DCF}.Debug|x86.Build.0 = Debug|Win32
		{D24AFFF5-12C2-40A6-9452-5EFDBBDC9DCF}.Release|x64.ActiveCfg = Release|x64
		{D24AFFF5-12C2-40A6-9452-5EFDBBDC9DCF}.Release|x64.Build.0 = Release|x64
		{D24AFFF5-12C2-40A6-9452-5EFDBBDC9DCF}.Release|x86.ActiveCfg = Release|Win32
		{D24AFFF5-12C2-40A6-9452-5EFDBBDC9DCF}.Release|x86.Build.0 = Release|Win32
		{58779046-06C8-4AB0-A6FE-122BBA9C0AEC}.Debug|x64.ActiveCfg = Debug|x64
		{58779046-06C8-4AB0-A6FE-122BBA9C0AEC}.Debug|x64.Build.0 = Debug|x64
		{58779046-06C8-4AB0-A6FE-122BBA9C0AEC}.Debug|x86.ActiveCfg = Debug|Win32
		{58779046-06C8-4AB0-A6FE-122BBA9C0AEC}.Debug|x86.Build.0 = Debug|Win32
		{58779046-06C8-4AB0-A6FE-122BBA9C0AEC}.Release|x64.ActiveCfg = Release|x64
		{58779046-06C8-4AB0-A6FE-122BBA9C0AEC}.Release|x64.Build.0 = Release|x64
		{58779046-06C8-4AB0-A6FE-122BBA9C0AEC}.Release|x86.ActiveCfg = Release|Win32
		{58779046-06C8-4AB0-A6FE-122BBA9C0AEC}.Release|x86.Build.0 = Release|Win32
	EndGlobalSection
	GlobalSection(SolutionProperties) = preSolution
		HideSolutionNode = FALSE
	EndGlobalSection
	GlobalSection(ExtensibilityGlobals) = postSolution
		SolutionGuid = {5016D6F9-4268-44D5-821B-67C48D25168E}
	EndGlobalSection
EndGlobal
